
Microsoft Visual Studio Solution File, Format Version 12.00
# Visual Studio Version 17
VisualStudioVersion = 17.1.32328.378
MinimumVisualStudioVersion = 10.0.40219.1
Project("{8BC9CEB8-8B4A-11D0-8D11-00A0C91BC942}") = "Final Project", "Final Project.vcxproj", "{CD1A09FC-2E1C-47B5-A806-1646A14339B3}"
EndProject
Global
	GlobalSection(SolutionConfigurationPlatforms) = preSolution
		Debug|x64 = Debug|x64
		Debug|x86 = Debug|x86
		Release|x64 = Release|x64
		Release|x86 = Release|x86
	EndGlobalSection
	GlobalSection(ProjectConfigurationPlatforms) = postSolution
		{CD1A09FC-2E1C-47B5-A806-1646A14339B3}.Debug|x64.ActiveCfg = Debug|x64
		{CD1A09FC-2E1C-47B5-A806-1646A14339B3}.Debug|x64.Build.0 = Debug|x64
		{CD1A09FC-2E1C-47B5-A806-1646A14339B3}.Debug|x86.ActiveCfg = Debug|Win32
		{CD1A09FC-2E1C-47B5-A806-1646A14339B3}.Debug|x86.Build.0 = Debug|Win32
		{CD1A09FC-2E1C-47B5-A806-1646A14339B3}.Release|x64.ActiveCfg = Release|x64
		{CD1A09FC-2E1C-47B5-A806-1646A14339B3}.Release|x64.Build.0 = Release|x64
		{CD1A09FC-2E1C-47B5-A806-1646A14339B3}.Release|x86.ActiveCfg = Release|Win32
		{CD1A09FC-2E1C-47B5-A806-1646A14339B3}.Release|x86.Build.0 = Release|Win32
	EndGlobalSection
	GlobalSection(SolutionProperties) = preSolution
		HideSolutionNode = FALSE
	EndGlobalSection
	GlobalSection(ExtensibilityGlobals) = postSolution
		SolutionGuid = {CBCD33D6-8FF6-4020-9C05-1153E9766ED7}
	EndGlobalSection
EndGlobal
